
Microsoft Visual Studio Solution File, Format Version 12.00
# Visual Studio Version 17
VisualStudioVersion = 17.7.34031.279
MinimumVisualStudioVersion = 10.0.40219.1
Project("{FAE04EC0-301F-11D3-BF4B-00C04F79EFBC}") = "ChallengeApp", "ChallengeApp\ChallengeApp.csproj", "{AB5EBDAB-E883-4E0F-ABC0-D1818401388A}"
EndProject
Global
	GlobalSection(SolutionConfigurationPlatforms) = preSolution
		Debug|Any CPU = Debug|Any CPU
		Release|Any CPU = Release|Any CPU
	EndGlobalSection
	GlobalSection(ProjectConfigurationPlatforms) = postSolution
		{AB5EBDAB-E883-4E0F-ABC0-D1818401388A}.Debug|Any CPU.ActiveCfg = Debug|Any CPU
		{AB5EBDAB-E883-4E0F-ABC0-D1818401388A}.Debug|Any CPU.Build.0 = Debug|Any CPU
		{AB5EBDAB-E883-4E0F-ABC0-D1818401388A}.Release|Any CPU.ActiveCfg = Release|Any CPU
		{AB5EBDAB-E883-4E0F-ABC0-D1818401388A}.Release|Any CPU.Build.0 = Release|Any CPU
	EndGlobalSection
	GlobalSection(SolutionProperties) = preSolution
		HideSolutionNode = FALSE
	EndGlobalSection
	GlobalSection(ExtensibilityGlobals) = postSolution
		SolutionGuid = {690C8EE2-81C3-4F40-AB2F-EEC89348A089}
	EndGlobalSection
EndGlobal
